
Microsoft Visual Studio Solution File, Format Version 12.00
# Visual Studio 15
Project("{FAE04EC0-301F-11D3-BF4B-00C04F79EFBC}") = "UnityEngine.UI", "UnityEngine.UI.csproj", "{73D14127-D9C6-E0F5-D156-42433D6500AA}"
EndProject
Project("{FAE04EC0-301F-11D3-BF4B-00C04F79EFBC}") = "Assembly-CSharp", "Assembly-CSharp.csproj", "{8E2F30AE-3632-70B2-99F4-C3C040B8886E}"
EndProject
Project("{FAE04EC0-301F-11D3-BF4B-00C04F79EFBC}") = "UnityEditor.UI", "UnityEditor.UI.csproj", "{838FF4A6-6018-4E67-6996-89844DEA1DA7}"
EndProject
Project("{FAE04EC0-301F-11D3-BF4B-00C04F79EFBC}") = "Unity.2D.Tilemap.Editor", "Unity.2D.Tilemap.Editor.csproj", "{406A6E3B-885A-A337-DFF2-0BD7964652F2}"
EndProject
Project("{FAE04EC0-301F-11D3-BF4B-00C04F79EFBC}") = "ParrelSync", "ParrelSync.csproj", "{EB7104E1-4DF3-E135-60CA-8AFFD44EF06F}"
EndProject
Project("{FAE04EC0-301F-11D3-BF4B-00C04F79EFBC}") = "Unity.2D.Sprite.Editor", "Unity.2D.Sprite.Editor.csproj", "{C6F8C7AE-4283-07CD-06B0-DC0DD5428497}"
EndProject
Project("{FAE04EC0-301F-11D3-BF4B-00C04F79EFBC}") = "Assembly-CSharp-Editor", "Assembly-CSharp-Editor.csproj", "{5A8C030A-D161-5A93-D2E0-04DA4B6B704C}"
EndProject
Project("{FAE04EC0-301F-11D3-BF4B-00C04F79EFBC}") = "UnityEngine.UI", "UnityEngine.UI.Player.csproj", "{3FFAC8FA-1925-762A-6506-04DD2B434C90}"
EndProject
Project("{FAE04EC0-301F-11D3-BF4B-00C04F79EFBC}") = "Assembly-CSharp", "Assembly-CSharp.Player.csproj", "{023B6CBE-307D-C5D9-6576-1D00F243F9DF}"
EndProject
Global
	GlobalSection(SolutionConfigurationPlatforms) = preSolution
		Debug|Any CPU = Debug|Any CPU
		Release|Any CPU = Release|Any CPU
	EndGlobalSection
	GlobalSection(ProjectConfigurationPlatforms) = postSolution
		{73D14127-D9C6-E0F5-D156-42433D6500AA}.Debug|Any CPU.ActiveCfg = Debug|Any CPU
		{73D14127-D9C6-E0F5-D156-42433D6500AA}.Debug|Any CPU.Build.0 = Debug|Any CPU
		{73D14127-D9C6-E0F5-D156-42433D6500AA}.Release|Any CPU.ActiveCfg = Release|Any CPU
		{73D14127-D9C6-E0F5-D156-42433D6500AA}.Release|Any CPU.Build.0 = Release|Any CPU
		{8E2F30AE-3632-70B2-99F4-C3C040B8886E}.Debug|Any CPU.ActiveCfg = Debug|Any CPU
		{8E2F30AE-3632-70B2-99F4-C3C040B8886E}.Debug|Any CPU.Build.0 = Debug|Any CPU
		{8E2F30AE-3632-70B2-99F4-C3C040B8886E}.Release|Any CPU.ActiveCfg = Release|Any CPU
		{8E2F30AE-3632-70B2-99F4-C3C040B8886E}.Release|Any CPU.Build.0 = Release|Any CPU
		{838FF4A6-6018-4E67-6996-89844DEA1DA7}.Debug|Any CPU.ActiveCfg = Debug|Any CPU
		{838FF4A6-6018-4E67-6996-89844DEA1DA7}.Debug|Any CPU.Build.0 = Debug|Any CPU
		{838FF4A6-6018-4E67-6996-89844DEA1DA7}.Release|Any CPU.ActiveCfg = Release|Any CPU
		{838FF4A6-6018-4E67-6996-89844DEA1DA7}.Release|Any CPU.Build.0 = Release|Any CPU
		{406A6E3B-885A-A337-DFF2-0BD7964652F2}.Debug|Any CPU.ActiveCfg = Debug|Any CPU
		{406A6E3B-885A-A337-DFF2-0BD7964652F2}.Debug|Any CPU.Build.0 = Debug|Any CPU
		{406A6E3B-885A-A337-DFF2-0BD7964652F2}.Release|Any CPU.ActiveCfg = Release|Any CPU
		{406A6E3B-885A-A337-DFF2-0BD7964652F2}.Release|Any CPU.Build.0 = Release|Any CPU
		{EB7104E1-4DF3-E135-60CA-8AFFD44EF06F}.Debug|Any CPU.ActiveCfg = Debug|Any CPU
		{EB7104E1-4DF3-E135-60CA-8AFFD44EF06F}.Debug|Any CPU.Build.0 = Debug|Any CPU
		{EB7104E1-4DF3-E135-60CA-8AFFD44EF06F}.Release|Any CPU.ActiveCfg = Release|Any CPU
		{EB7104E1-4DF3-E135-60CA-8AFFD44EF06F}.Release|Any CPU.Build.0 = Release|Any CPU
		{C6F8C7AE-4283-07CD-06B0-DC0DD5428497}.Debug|Any CPU.ActiveCfg = Debug|Any CPU
		{C6F8C7AE-4283-07CD-06B0-DC0DD5428497}.Debug|Any CPU.Build.0 = Debug|Any CPU
		{C6F8C7AE-4283-07CD-06B0-DC0DD5428497}.Release|Any CPU.ActiveCfg = Release|Any CPU
		{C6F8C7AE-4283-07CD-06B0-DC0DD5428497}.Release|Any CPU.Build.0 = Release|Any CPU
		{5A8C030A-D161-5A93-D2E0-04DA4B6B704C}.Debug|Any CPU.ActiveCfg = Debug|Any CPU
		{5A8C030A-D161-5A93-D2E0-04DA4B6B704C}.Debug|Any CPU.Build.0 = Debug|Any CPU
		{5A8C030A-D161-5A93-D2E0-04DA4B6B704C}.Release|Any CPU.ActiveCfg = Release|Any CPU
		{5A8C030A-D161-5A93-D2E0-04DA4B6B704C}.Release|Any CPU.Build.0 = Release|Any CPU
		{3FFAC8FA-1925-762A-6506-04DD2B434C90}.Debug|Any CPU.ActiveCfg = Debug|Any CPU
		{3FFAC8FA-1925-762A-6506-04DD2B434C90}.Debug|Any CPU.Build.0 = Debug|Any CPU
		{3FFAC8FA-1925-762A-6506-04DD2B434C90}.Release|Any CPU.ActiveCfg = Release|Any CPU
		{3FFAC8FA-1925-762A-6506-04DD2B434C90}.Release|Any CPU.Build.0 = Release|Any CPU
		{023B6CBE-307D-C5D9-6576-1D00F243F9DF}.Debug|Any CPU.ActiveCfg = Debug|Any CPU
		{023B6CBE-307D-C5D9-6576-1D00F243F9DF}.Debug|Any CPU.Build.0 = Debug|Any CPU
		{023B6CBE-307D-C5D9-6576-1D00F243F9DF}.Release|Any CPU.ActiveCfg = Release|Any CPU
		{023B6CBE-307D-C5D9-6576-1D00F243F9DF}.Release|Any CPU.Build.0 = Release|Any CPU
	EndGlobalSection
	GlobalSection(SolutionProperties) = preSolution
		HideSolutionNode = FALSE
	EndGlobalSection
EndGlobal
